// !$*UTF8*$!
{
	archiveVersion = 1;
	classes = {
	};
	objectVersion = 46;
	objects = {

/* Begin PBXBuildFile section */
		9F59B5061EEE79FB00691F9A /* main.m in Sources */ = {isa = PBXBuildFile; fileRef = 9F59B5051EEE79FB00691F9A /* main.m */; };
		9F59B5091EEE79FB00691F9A /* AppDelegate.m in Sources */ = {isa = PBXBuildFile; fileRef = 9F59B5081EEE79FB00691F9A /* AppDelegate.m */; };
		9F59B50C1EEE79FB00691F9A /* ViewController.m in Sources */ = {isa = PBXBuildFile; fileRef = 9F59B50B1EEE79FB00691F9A /* ViewController.m */; };
		9F59B50F1EEE79FB00691F9A /* Main.storyboard in Resources */ = {isa = PBXBuildFile; fileRef = 9F59B50D1EEE79FB00691F9A /* Main.storyboard */; };
		9F59B5111EEE79FB00691F9A /* Assets.xcassets in Resources */ = {isa = PBXBuildFile; fileRef = 9F59B5101EEE79FB00691F9A /* Assets.xcassets */; };
		9F59B5141EEE79FB00691F9A /* LaunchScreen.storyboard in Resources */ = {isa = PBXBuildFile; fileRef = 9F59B5121EEE79FB00691F9A /* LaunchScreen.storyboard */; };
		9F59B51F1EEE79FB00691F9A /* ZZRShowImageViewTests.m in Sources */ = {isa = PBXBuildFile; fileRef = 9F59B51E1EEE79FB00691F9A /* ZZRShowImageViewTests.m */; };
		9F59B52A1EEE79FB00691F9A /* ZZRShowImageViewUITests.m in Sources */ = {isa = PBXBuildFile; fileRef = 9F59B5291EEE79FB00691F9A /* ZZRShowImageViewUITests.m */; };
		9F59B5391EEE7A1C00691F9A /* ZZRScrollView.m in Sources */ = {isa = PBXBuildFile; fileRef = 9F59B5381EEE7A1C00691F9A /* ZZRScrollView.m */; };
/* End PBXBuildFile section */

/* Begin PBXContainerItemProxy section */
		9F59B51B1EEE79FB00691F9A /* PBXContainerItemProxy */ = {
			isa = PBXContainerItemProxy;
			containerPortal = 9F59B4F91EEE79FB00691F9A /* Project object */;
			proxyType = 1;
			remoteGlobalIDString = 9F59B5001EEE79FB00691F9A;
			remoteInfo = ZZRShowImageView;
		};
		9F59B5261EEE79FB00691F9A /* PBXContainerItemProxy */ = {
			isa = PBXContainerItemProxy;
			containerPortal = 9F59B4F91EEE79FB00691F9A /* Project object */;
			proxyType = 1;
			remoteGlobalIDString = 9F59B5001EEE79FB00691F9A;
			remoteInfo = ZZRShowImageView;
		};
/* End PBXContainerItemProxy section */

/* Begin PBXFileReference section */
		9F59B5011EEE79FB00691F9A /* ZZRShowImageView.app */ = {isa = PBXFileReference; explicitFileType = wrapper.application; includeInIndex = 0; path = ZZRShowImageView.app; sourceTree = BUILT_PRODUCTS_DIR; };
		9F59B5051EEE79FB00691F9A /* main.m */ = {isa = PBXFileReference; lastKnownFileType = sourcecode.c.objc; path = main.m; sourceTree = "<group>"; };
		9F59B5071EEE79FB00691F9A /* AppDelegate.h */ = {isa = PBXFileReference; lastKnownFileType = sourcecode.c.h; path = AppDelegate.h; sourceTree = "<group>"; };
		9F59B5081EEE79FB00691F9A /* AppDelegate.m */ = {isa = PBXFileReference; lastKnownFileType = sourcecode.c.objc; path = AppDelegate.m; sourceTree = "<group>"; };
		9F59B50A1EEE79FB00691F9A /* ViewController.h */ = {isa = PBXFileReference; lastKnownFileType = sourcecode.c.h; path = ViewController.h; sourceTree = "<group>"; };
		9F59B50B1EEE79FB00691F9A /* ViewController.m */ = {isa = PBXFileReference; lastKnownFileType = sourcecode.c.objc; path = ViewController.m; sourceTree = "<group>"; };
		9F59B50E1EEE79FB00691F9A /* Base */ = {isa = PBXFileReference; lastKnownFileType = file.storyboard; name = Base; path = Base.lproj/Main.storyboard; sourceTree = "<group>"; };
		9F59B5101EEE79FB00691F9A /* Assets.xcassets */ = {isa = PBXFileReference; lastKnownFileType = folder.assetcatalog; path = Assets.xcassets; sourceTree = "<group>"; };
		9F59B5131EEE79FB00691F9A /* Base */ = {isa = PBXFileReference; lastKnownFileType = file.storyboard; name = Base; path = Base.lproj/LaunchScreen.storyboard; sourceTree = "<group>"; };
		9F59B5151EEE79FB00691F9A /* Info.plist */ = {isa = PBXFileReference; lastKnownFileType = text.plist.xml; path = Info.plist; sourceTree = "<group>"; };
		9F59B51A1EEE79FB00691F9A /* ZZRShowImageViewTests.xctest */ = {isa = PBXFileReference; explicitFileType = wrapper.cfbundle; includeInIndex = 0; path = ZZRShowImageViewTests.xctest; sourceTree = BUILT_PRODUCTS_DIR; };
		9F59B51E1EEE79FB00691F9A /* ZZRShowImageViewTests.m */ = {isa = PBXFileReference; lastKnownFileType = sourcecode.c.objc; path = ZZRShowImageViewTests.m; sourceTree = "<group>"; };
		9F59B5201EEE79FB00691F9A /* Info.plist */ = {isa = PBXFileReference; lastKnownFileType = text.plist.xml; path = Info.plist; sourceTree = "<group>"; };
		9F59B5251EEE79FB00691F9A /* ZZRShowImageViewUITests.xctest */ = {isa = PBXFileReference; explicitFileType = wrapper.cfbundle; includeInIndex = 0; path = ZZRShowImageViewUITests.xctest; sourceTree = BUILT_PRODUCTS_DIR; };
		9F59B5291EEE79FB00691F9A /* ZZRShowImageViewUITests.m */ = {isa = PBXFileReference; lastKnownFileType = sourcecode.c.objc; path = ZZRShowImageViewUITests.m; sourceTree = "<group>"; };
		9F59B52B1EEE79FB00691F9A /* Info.plist */ = {isa = PBXFileReference; lastKnownFileType = text.plist.xml; path = Info.plist; sourceTree = "<group>"; };
		9F59B5371EEE7A1C00691F9A /* ZZRScrollView.h */ = {isa = PBXFileReference; fileEncoding = 4; lastKnownFileType = sourcecode.c.h; path = ZZRScrollView.h; sourceTree = "<group>"; };
		9F59B5381EEE7A1C00691F9A /* ZZRScrollView.m */ = {isa = PBXFileReference; fileEncoding = 4; lastKnownFileType = sourcecode.c.objc; path = ZZRScrollView.m; sourceTree = "<group>"; };
/* End PBXFileReference section */

/* Begin PBXFrameworksBuildPhase section */
		9F59B4FE1EEE79FB00691F9A /* Frameworks */ = {
			isa = PBXFrameworksBuildPhase;
			buildActionMask = 2147483647;
			files = (
			);
			runOnlyForDeploymentPostprocessing = 0;
		};
		9F59B5171EEE79FB00691F9A /* Frameworks */ = {
			isa = PBXFrameworksBuildPhase;
			buildActionMask = 2147483647;
			files = (
			);
			runOnlyForDeploymentPostprocessing = 0;
		};
		9F59B5221EEE79FB00691F9A /* Frameworks */ = {
			isa = PBXFrameworksBuildPhase;
			buildActionMask = 2147483647;
			files = (
			);
			runOnlyForDeploymentPostprocessing = 0;
		};
/* End PBXFrameworksBuildPhase section */

/* Begin PBXGroup section */
		9F59B4F81EEE79FB00691F9A = {
			isa = PBXGroup;
			children = (
				9F59B5031EEE79FB00691F9A /* ZZRShowImageView */,
				9F59B51D1EEE79FB00691F9A /* ZZRShowImageViewTests */,
				9F59B5281EEE79FB00691F9A /* ZZRShowImageViewUITests */,
				9F59B5021EEE79FB00691F9A /* Products */,
			);
			sourceTree = "<group>";
		};
		9F59B5021EEE79FB00691F9A /* Products */ = {
			isa = PBXGroup;
			children = (
				9F59B5011EEE79FB00691F9A /* ZZRShowImageView.app */,
				9F59B51A1EEE79FB00691F9A /* ZZRShowImageViewTests.xctest */,
				9F59B5251EEE79FB00691F9A /* ZZRShowImageViewUITests.xctest */,
			);
			name = Products;
			sourceTree = "<group>";
		};
		9F59B5031EEE79FB00691F9A /* ZZRShowImageView */ = {
			isa = PBXGroup;
			children = (
				9F59B5071EEE79FB00691F9A /* AppDelegate.h */,
				9F59B5081EEE79FB00691F9A /* AppDelegate.m */,
				9F59B50A1EEE79FB00691F9A /* ViewController.h */,
				9F59B50B1EEE79FB00691F9A /* ViewController.m */,
				9F59B5371EEE7A1C00691F9A /* ZZRScrollView.h */,
				9F59B5381EEE7A1C00691F9A /* ZZRScrollView.m */,
				9F59B50D1EEE79FB00691F9A /* Main.storyboard */,
				9F59B5101EEE79FB00691F9A /* Assets.xcassets */,
				9F59B5121EEE79FB00691F9A /* LaunchScreen.storyboard */,
				9F59B5151EEE79FB00691F9A /* Info.plist */,
				9F59B5041EEE79FB00691F9A /* Supporting Files */,
			);
			path = ZZRShowImageView;
			sourceTree = "<group>";
		};
		9F59B5041EEE79FB00691F9A /* Supporting Files */ = {
			isa = PBXGroup;
			children = (
				9F59B5051EEE79FB00691F9A /* main.m */,
			);
			name = "Supporting Files";
			sourceTree = "<group>";
		};
		9F59B51D1EEE79FB00691F9A /* ZZRShowImageViewTests */ = {
			isa = PBXGroup;
			children = (
				9F59B51E1EEE79FB00691F9A /* ZZRShowImageViewTests.m */,
				9F59B5201EEE79FB00691F9A /* Info.plist */,
			);
			path = ZZRShowImageViewTests;
			sourceTree = "<group>";
		};
		9F59B5281EEE79FB00691F9A /* ZZRShowImageViewUITests */ = {
			isa = PBXGroup;
			children = (
				9F59B5291EEE79FB00691F9A /* ZZRShowImageViewUITests.m */,
				9F59B52B1EEE79FB00691F9A /* Info.plist */,
			);
			path = ZZRShowImageViewUITests;
			sourceTree = "<group>";
		};
/* End PBXGroup section */

/* Begin PBXNativeTarget section */
		9F59B5001EEE79FB00691F9A /* ZZRShowImageView */ = {
			isa = PBXNativeTarget;
			buildConfigurationList = 9F59B52E1EEE79FB00691F9A /* Build configuration list for PBXNativeTarget "ZZRShowImageView" */;
			buildPhases = (
				9F59B4FD1EEE79FB00691F9A /* Sources */,
				9F59B4FE1EEE79FB00691F9A /* Frameworks */,
				9F59B4FF1EEE79FB00691F9A /* Resources */,
			);
			buildRules = (
			);
			dependencies = (
			);
			name = ZZRShowImageView;
			productName = ZZRShowImageView;
			productReference = 9F59B5011EEE79FB00691F9A /* ZZRShowImageView.app */;
			productType = "com.apple.product-type.application";
		};
		9F59B5191EEE79FB00691F9A /* ZZRShowImageViewTests */ = {
			isa = PBXNativeTarget;
			buildConfigurationList = 9F59B5311EEE79FB00691F9A /* Build configuration list for PBXNativeTarget "ZZRShowImageViewTests" */;
			buildPhases = (
				9F59B5161EEE79FB00691F9A /* Sources */,
				9F59B5171EEE79FB00691F9A /* Frameworks */,
				9F59B5181EEE79FB00691F9A /* Resources */,
			);
			buildRules = (
			);
			dependencies = (
				9F59B51C1EEE79FB00691F9A /* PBXTargetDependency */,
			);
			name = ZZRShowImageViewTests;
			productName = ZZRShowImageViewTests;
			productReference = 9F59B51A1EEE79FB00691F9A /* ZZRShowImageViewTests.xctest */;
			productType = "com.apple.product-type.bundle.unit-test";
		};
		9F59B5241EEE79FB00691F9A /* ZZRShowImageViewUITests */ = {
			isa = PBXNativeTarget;
			buildConfigurationList = 9F59B5341EEE79FB00691F9A /* Build configuration list for PBXNativeTarget "ZZRShowImageViewUITests" */;
			buildPhases = (
				9F59B5211EEE79FB00691F9A /* Sources */,
				9F59B5221EEE79FB00691F9A /* Frameworks */,
				9F59B5231EEE79FB00691F9A /* Resources */,
			);
			buildRules = (
			);
			dependencies = (
				9F59B5271EEE79FB00691F9A /* PBXTargetDependency */,
			);
			name = ZZRShowImageViewUITests;
			productName = ZZRShowImageViewUITests;
			productReference = 9F59B5251EEE79FB00691F9A /* ZZRShowImageViewUITests.xctest */;
			productType = "com.apple.product-type.bundle.ui-testing";
		};
/* End PBXNativeTarget section */

/* Begin PBXProject section */
		9F59B4F91EEE79FB00691F9A /* Project object */ = {
			isa = PBXProject;
			attributes = {
				LastUpgradeCheck = 0830;
				ORGANIZATIONNAME = "张忠瑞";
				TargetAttributes = {
					9F59B5001EEE79FB00691F9A = {
						CreatedOnToolsVersion = 8.3.2;
						DevelopmentTeam = JDVB837QR7;
						ProvisioningStyle = Automatic;
					};
					9F59B5191EEE79FB00691F9A = {
						CreatedOnToolsVersion = 8.3.2;
						DevelopmentTeam = JDVB837QR7;
						ProvisioningStyle = Automatic;
						TestTargetID = 9F59B5001EEE79FB00691F9A;
					};
					9F59B5241EEE79FB00691F9A = {
						CreatedOnToolsVersion = 8.3.2;
						DevelopmentTeam = JDVB837QR7;
						ProvisioningStyle = Automatic;
						TestTargetID = 9F59B5001EEE79FB00691F9A;
					};
				};
			};
			buildConfigurationList = 9F59B4FC1EEE79FB00691F9A /* Build configuration list for PBXProject "ZZRShowImageView" */;
			compatibilityVersion = "Xcode 3.2";
			developmentRegion = English;
			hasScannedForEncodings = 0;
			knownRegions = (
				en,
				Base,
			);
			mainGroup = 9F59B4F81EEE79FB00691F9A;
			productRefGroup = 9F59B5021EEE79FB00691F9A /* Products */;
			projectDirPath = "";
			projectRoot = "";
			targets = (
				9F59B5001EEE79FB00691F9A /* ZZRShowImageView */,
				9F59B5191EEE79FB00691F9A /* ZZRShowImageViewTests */,
				9F59B5241EEE79FB00691F9A /* ZZRShowImageViewUITests */,
			);
		};
/* End PBXProject section */

/* Begin PBXResourcesBuildPhase section */
		9F59B4FF1EEE79FB00691F9A /* Resources */ = {
			isa = PBXResourcesBuildPhase;
			buildActionMask = 2147483647;
			files = (
				9F59B5141EEE79FB00691F9A /* LaunchScreen.storyboard in Resources */,
				9F59B5111EEE79FB00691F9A /* Assets.xcassets in Resources */,
				9F59B50F1EEE79FB00691F9A /* Main.storyboard in Resources */,
			);
			runOnlyForDeploymentPostprocessing = 0;
		};
		9F59B5181EEE79FB00691F9A /* Resources */ = {
			isa = PBXResourcesBuildPhase;
			buildActionMask = 2147483647;
			files = (
			);
			runOnlyForDeploymentPostprocessing = 0;
		};
		9F59B5231EEE79FB00691F9A /* Resources */ = {
			isa = PBXResourcesBuildPhase;
			buildActionMask = 2147483647;
			files = (
			);
			runOnlyForDeploymentPostprocessing = 0;
		};
/* End PBXResourcesBuildPhase section */

/* Begin PBXSourcesBuildPhase section */
		9F59B4FD1EEE79FB00691F9A /* Sources */ = {
			isa = PBXSourcesBuildPhase;
			buildActionMask = 2147483647;
			files = (
				9F59B50C1EEE79FB00691F9A /* ViewController.m in Sources */,
				9F59B5091EEE79FB00691F9A /* AppDelegate.m in Sources */,
				9F59B5391EEE7A1C00691F9A /* ZZRScrollView.m in Sources */,
				9F59B5061EEE79FB00691F9A /* main.m in Sources */,
			);
			runOnlyForDeploymentPostprocessing = 0;
		};
		9F59B5161EEE79FB00691F9A /* Sources */ = {
			isa = PBXSourcesBuildPhase;
			buildActionMask = 2147483647;
			files = (
				9F59B51F1EEE79FB00691F9A /* ZZRShowImageViewTests.m in Sources */,
			);
			runOnlyForDeploymentPostprocessing = 0;
		};
		9F59B5211EEE79FB00691F9A /* Sources */ = {
			isa = PBXSourcesBuildPhase;
			buildActionMask = 2147483647;
			files = (
				9F59B52A1EEE79FB00691F9A /* ZZRShowImageViewUITests.m in Sources */,
			);
			runOnlyForDeploymentPostprocessing = 0;
		};
/* End PBXSourcesBuildPhase section */

/* Begin PBXTargetDependency section */
		9F59B51C1EEE79FB00691F9A /* PBXTargetDependency */ = {
			isa = PBXTargetDependency;
			target = 9F59B5001EEE79FB00691F9A /* ZZRShowImageView */;
			targetProxy = 9F59B51B1EEE79FB00691F9A /* PBXContainerItemProxy */;
		};
		9F59B5271EEE79FB00691F9A /* PBXTargetDependency */ = {
			isa = PBXTargetDependency;
			target = 9F59B5001EEE79FB00691F9A /* ZZRShowImageView */;
			targetProxy = 9F59B5261EEE79FB00691F9A /* PBXContainerItemProxy */;
		};
/* End PBXTargetDependency section */

/* Begin PBXVariantGroup section */
		9F59B50D1EEE79FB00691F9A /* Main.storyboard */ = {
			isa = PBXVariantGroup;
			children = (
				9F59B50E1EEE79FB00691F9A /* Base */,
			);
			name = Main.storyboard;
			sourceTree = "<group>";
		};
		9F59B5121EEE79FB00691F9A /* LaunchScreen.storyboard */ = {
			isa = PBXVariantGroup;
			children = (
				9F59B5131EEE79FB00691F9A /* Base */,
			);
			name = LaunchScreen.storyboard;
			sourceTree = "<group>";
		};
/* End PBXVariantGroup section */

/* Begin XCBuildConfiguration section */
		9F59B52C1EEE79FB00691F9A /* Debug */ = {
			isa = XCBuildConfiguration;
			buildSettings = {
				ALWAYS_SEARCH_USER_PATHS = NO;
				CLANG_ANALYZER_NONNULL = YES;
				CLANG_ANALYZER_NUMBER_OBJECT_CONVERSION = YES_AGGRESSIVE;
				CLANG_CXX_LANGUAGE_STANDARD = "gnu++0x";
				CLANG_CXX_LIBRARY = "libc++";
				CLANG_ENABLE_MODULES = YES;
				CLANG_ENABLE_OBJC_ARC = YES;
				CLANG_WARN_BOOL_CONVERSION = YES;
				CLANG_WARN_CONSTANT_CONVERSION = YES;
				CLANG_WARN_DIRECT_OBJC_ISA_USAGE = YES_ERROR;
				CLANG_WARN_DOCUMENTATION_COMMENTS = YES;
				CLANG_WARN_EMPTY_BODY = YES;
				CLANG_WARN_ENUM_CONVERSION = YES;
				CLANG_WARN_INFINITE_RECURSION = YES;
				CLANG_WARN_INT_CONVERSION = YES;
				CLANG_WARN_OBJC_ROOT_CLASS = YES_ERROR;
				CLANG_WARN_SUSPICIOUS_MOVE = YES;
				CLANG_WARN_UNREACHABLE_CODE = YES;
				CLANG_WARN__DUPLICATE_METHOD_MATCH = YES;
				"CODE_SIGN_IDENTITY[sdk=iphoneos*]" = "iPhone Developer";
				COPY_PHASE_STRIP = NO;
				DEBUG_INFORMATION_FORMAT = dwarf;
				ENABLE_STRICT_OBJC_MSGSEND = YES;
				ENABLE_TESTABILITY = YES;
				GCC_C_LANGUAGE_STANDARD = gnu99;
				GCC_DYNAMIC_NO_PIC = NO;
				GCC_NO_COMMON_BLOCKS = YES;
				GCC_OPTIMIZATION_LEVEL = 0;
				GCC_PREPROCESSOR_DEFINITIONS = (
					"DEBUG=1",
					"$(inherited)",
				);
				GCC_WARN_64_TO_32_BIT_CONVERSION = YES;
				GCC_WARN_ABOUT_RETURN_TYPE = YES_ERROR;
				GCC_WARN_UNDECLARED_SELECTOR = YES;
				GCC_WARN_UNINITIALIZED_AUTOS = YES_AGGRESSIVE;
				GCC_WARN_UNUSED_FUNCTION = YES;
				GCC_WARN_UNUSED_VARIABLE = YES;
				IPHONEOS_DEPLOYMENT_TARGET = 10.3;
				MTL_ENABLE_DEBUG_INFO = YES;
				ONLY_ACTIVE_ARCH = YES;
				SDKROOT = iphoneos;
				TARGETED_DEVICE_FAMILY = "1,2";
			};
			name = Debug;
		};
		9F59B52D1EEE79FB00691F9A /* Release */ = {
			isa = XCBuildConfiguration;
			buildSettings = {
				ALWAYS_SEARCH_USER_PATHS = NO;
				CLANG_ANALYZER_NONNULL = YES;
				CLANG_ANALYZER_NUMBER_OBJECT_CONVERSION = YES_AGGRESSIVE;
				CLANG_CXX_LANGUAGE_STANDARD = "gnu++0x";
				CLANG_CXX_LIBRARY = "libc++";
				CLANG_ENABLE_MODULES = YES;
				CLANG_ENABLE_OBJC_ARC = YES;
				CLANG_WARN_BOOL_CONVERSION = YES;
				CLANG_WARN_CONSTANT_CONVERSION = YES;
				CLANG_WARN_DIRECT_OBJC_ISA_USAGE = YES_ERROR;
				CLANG_WARN_DOCUMENTATION_COMMENTS = YES;
				CLANG_WARN_EMPTY_BODY = YES;
				CLANG_WARN_ENUM_CONVERSION = YES;
				CLANG_WARN_INFINITE_RECURSION = YES;
				CLANG_WARN_INT_CONVERSION = YES;
				CLANG_WARN_OBJC_ROOT_CLASS = YES_ERROR;
				CLANG_WARN_SUSPICIOUS_MOVE = YES;
				CLANG_WARN_UNREACHABLE_CODE = YES;
				CLANG_WARN__DUPLICATE_METHOD_MATCH = YES;
				"CODE_SIGN_IDENTITY[sdk=iphoneos*]" = "iPhone Developer";
				COPY_PHASE_STRIP = NO;
				DEBUG_INFORMATION_FORMAT = "dwarf-with-dsym";
				ENABLE_NS_ASSERTIONS = NO;
				ENABLE_STRICT_OBJC_MSGSEND = YES;
				GCC_C_LANGUAGE_STANDARD = gnu99;
				GCC_NO_COMMON_BLOCKS = YES;
				GCC_WARN_64_TO_32_BIT_CONVERSION = YES;
				GCC_WARN_ABOUT_RETURN_TYPE = YES_ERROR;
				GCC_WARN_UNDECLARED_SELECTOR = YES;
				GCC_WARN_UNINITIALIZED_AUTOS = YES_AGGRESSIVE;
				GCC_WARN_UNUSED_FUNCTION = YES;
				GCC_WARN_UNUSED_VARIABLE = YES;
				IPHONEOS_DEPLOYMENT_TARGET = 10.3;
				MTL_ENABLE_DEBUG_INFO = NO;
				SDKROOT = iphoneos;
				TARGETED_DEVICE_FAMILY = "1,2";
				VALIDATE_PRODUCT = YES;
			};
			name = Release;
		};
		9F59B52F1EEE79FB00691F9A /* Debug */ = {
			isa = XCBuildConfiguration;
			buildSettings = {
				ASSETCATALOG_COMPILER_APPICON_NAME = AppIcon;
				DEVELOPMENT_TEAM = JDVB837QR7;
				INFOPLIST_FILE = ZZRShowImageView/Info.plist;
				LD_RUNPATH_SEARCH_PATHS = "$(inherited) @executable_path/Frameworks";
				PRODUCT_BUNDLE_IDENTIFIER = com.zzr.ZZRShowImageView;
				PRODUCT_NAME = "$(TARGET_NAME)";
			};
			name = Debug;
		};
		9F59B5301EEE79FB00691F9A /* Release */ = {
			isa = XCBuildConfiguration;
			buildSettings = {
				ASSETCATALOG_COMPILER_APPICON_NAME = AppIcon;
				DEVELOPMENT_TEAM = JDVB837QR7;
				INFOPLIST_FILE = ZZRShowImageView/Info.plist;
				LD_RUNPATH_SEARCH_PATHS = "$(inherited) @executable_path/Frameworks";
				PRODUCT_BUNDLE_IDENTIFIER = com.zzr.ZZRShowImageView;
				PRODUCT_NAME = "$(TARGET_NAME)";
			};
			name = Release;
		};
		9F59B5321EEE79FB00691F9A /* Debug */ = {
			isa = XCBuildConfiguration;
			buildSettings = {
				BUNDLE_LOADER = "$(TEST_HOST)";
				DEVELOPMENT_TEAM = JDVB837QR7;
				INFOPLIST_FILE = ZZRShowImageViewTests/Info.plist;
				LD_RUNPATH_SEARCH_PATHS = "$(inherited) @executable_path/Frameworks @loader_path/Frameworks";
				PRODUCT_BUNDLE_IDENTIFIER = com.zzr.ZZRShowImageViewTests;
				PRODUCT_NAME = "$(TARGET_NAME)";
				TEST_HOST = "$(BUILT_PRODUCTS_DIR)/ZZRShowImageView.app/ZZRShowImageView";
			};
			name = Debug;
		};
		9F59B5331EEE79FB00691F9A /* Release */ = {
			isa = XCBuildConfiguration;
			buildSettings = {
				BUNDLE_LOADER = "$(TEST_HOST)";
				DEVELOPMENT_TEAM = JDVB837QR7;
				INFOPLIST_FILE = ZZRShowImageViewTests/Info.plist;
				LD_RUNPATH_SEARCH_PATHS = "$(inherited) @executable_path/Frameworks @loader_path/Frameworks";
				PRODUCT_BUNDLE_IDENTIFIER = com.zzr.ZZRShowImageViewTests;
				PRODUCT_NAME = "$(TARGET_NAME)";
				TEST_HOST = "$(BUILT_PRODUCTS_DIR)/ZZRShowImageView.app/ZZRShowImageView";
			};
			name = Release;
		};
		9F59B5351EEE79FB00691F9A /* Debug */ = {
			isa = XCBuildConfiguration;
			buildSettings = {
				DEVELOPMENT_TEAM = JDVB837QR7;
				INFOPLIST_FILE = ZZRShowImageViewUITests/Info.plist;
				LD_RUNPATH_SEARCH_PATHS = "$(inherited) @executable_path/Frameworks @loader_path/Frameworks";
				PRODUCT_BUNDLE_IDENTIFIER = com.zzr.ZZRShowImageViewUITests;
				PRODUCT_NAME = "$(TARGET_NAME)";
				TEST_TARGET_NAME = ZZRShowImageView;
			};
			name = Debug;
		};
		9F59B5361EEE79FB00691F9A /* Release */ = {
			isa = XCBuildConfiguration;
			buildSettings = {
				DEVELOPMENT_TEAM = JDVB837QR7;
				INFOPLIST_FILE = ZZRShowImageViewUITests/Info.plist;
				LD_RUNPATH_SEARCH_PATHS = "$(inherited) @executable_path/Frameworks @loader_path/Frameworks";
				PRODUCT_BUNDLE_IDENTIFIER = com.zzr.ZZRShowImageViewUITests;
				PRODUCT_NAME = "$(TARGET_NAME)";
				TEST_TARGET_NAME = ZZRShowImageView;
			};
			name = Release;
		};
/* End XCBuildConfiguration section */

/* Begin XCConfigurationList section */
		9F59B4FC1EEE79FB00691F9A /* Build configuration list for PBXProject "ZZRShowImageView" */ = {
			isa = XCConfigurationList;
			buildConfigurations = (
				9F59B52C1EEE79FB00691F9A /* Debug */,
				9F59B52D1EEE79FB00691F9A /* Release */,
			);
			defaultConfigurationIsVisible = 0;
			defaultConfigurationName = Release;
		};
		9F59B52E1EEE79FB00691F9A /* Build configuration list for PBXNativeTarget "ZZRShowImageView" */ = {
			isa = XCConfigurationList;
			buildConfigurations = (
				9F59B52F1EEE79FB00691F9A /* Debug */,
				9F59B5301EEE79FB00691F9A /* Release */,
			);
			defaultConfigurationIsVisible = 0;
		};
		9F59B5311EEE79FB00691F9A /* Build configuration list for PBXNativeTarget "ZZRShowImageViewTests" */ = {
			isa = XCConfigurationList;
			buildConfigurations = (
				9F59B5321EEE79FB00691F9A /* Debug */,
				9F59B5331EEE79FB00691F9A /* Release */,
			);
			defaultConfigurationIsVisible = 0;
		};
		9F59B5341EEE79FB00691F9A /* Build configuration list for PBXNativeTarget "ZZRShowImageViewUITests" */ = {
			isa = XCConfigurationList;
			buildConfigurations = (
				9F59B5351EEE79FB00691F9A /* Debug */,
				9F59B5361EEE79FB00691F9A /* Release */,
			);
			defaultConfigurationIsVisible = 0;
		};
/* End XCConfigurationList section */
	};
	rootObject = 9F59B4F91EEE79FB00691F9A /* Project object */;
}
